
Microsoft Visual Studio Solution File, Format Version 12.00
# Visual Studio Version 17
VisualStudioVersion = 17.5.33530.505
MinimumVisualStudioVersion = 10.0.40219.1
Project("{9A19103F-16F7-4668-BE54-9A1E7A4F7556}") = "ETicaretApp.Panel.UI", "ETicaratApp\ETicaretApp.Panel.UI.csproj", "{D150A43F-7426-4C2C-8D6F-9BC4A9FFAAFF}"
EndProject
Project("{9A19103F-16F7-4668-BE54-9A1E7A4F7556}") = "ETicaretApp.WebSite.UI", "ETicaratApp.WebSite.UI\ETicaretApp.WebSite.UI.csproj", "{D4ECE347-FE20-4DBD-90EA-398D8032A37B}"
EndProject
Project("{9A19103F-16F7-4668-BE54-9A1E7A4F7556}") = "ETicaretApp.DAL", "ETicaratApp.DAL\ETicaretApp.DAL.csproj", "{C00202BD-7479-4C65-9151-2FA202A6C89A}"
EndProject
Project("{9A19103F-16F7-4668-BE54-9A1E7A4F7556}") = "ETicaretApp.BLL", "ETicaratApp.BLL\ETicaretApp.BLL.csproj", "{81B00F31-1543-4067-B53C-A820474FBAF3}"
EndProject
Project("{9A19103F-16F7-4668-BE54-9A1E7A4F7556}") = "ETicaratApp.Entities", "ETicaratApp.Entities\ETicaratApp.Entities.csproj", "{B27877C2-DF34-44EC-959F-33DE92F99665}"
EndProject
Global
	GlobalSection(SolutionConfigurationPlatforms) = preSolution
		Debug|Any CPU = Debug|Any CPU
		Release|Any CPU = Release|Any CPU
	EndGlobalSection
	GlobalSection(ProjectConfigurationPlatforms) = postSolution
		{D150A43F-7426-4C2C-8D6F-9BC4A9FFAAFF}.Debug|Any CPU.ActiveCfg = Debug|Any CPU
		{D150A43F-7426-4C2C-8D6F-9BC4A9FFAAFF}.Debug|Any CPU.Build.0 = Debug|Any CPU
		{D150A43F-7426-4C2C-8D6F-9BC4A9FFAAFF}.Release|Any CPU.ActiveCfg = Release|Any CPU
		{D150A43F-7426-4C2C-8D6F-9BC4A9FFAAFF}.Release|Any CPU.Build.0 = Release|Any CPU
		{D4ECE347-FE20-4DBD-90EA-398D8032A37B}.Debug|Any CPU.ActiveCfg = Debug|Any CPU
		{D4ECE347-FE20-4DBD-90EA-398D8032A37B}.Debug|Any CPU.Build.0 = Debug|Any CPU
		{D4ECE347-FE20-4DBD-90EA-398D8032A37B}.Release|Any CPU.ActiveCfg = Release|Any CPU
		{D4ECE347-FE20-4DBD-90EA-398D8032A37B}.Release|Any CPU.Build.0 = Release|Any CPU
		{C00202BD-7479-4C65-9151-2FA202A6C89A}.Debug|Any CPU.ActiveCfg = Debug|Any CPU
		{C00202BD-7479-4C65-9151-2FA202A6C89A}.Debug|Any CPU.Build.0 = Debug|Any CPU
		{C00202BD-7479-4C65-9151-2FA202A6C89A}.Release|Any CPU.ActiveCfg = Release|Any CPU
		{C00202BD-7479-4C65-9151-2FA202A6C89A}.Release|Any CPU.Build.0 = Release|Any CPU
		{81B00F31-1543-4067-B53C-A820474FBAF3}.Debug|Any CPU.ActiveCfg = Debug|Any CPU
		{81B00F31-1543-4067-B53C-A820474FBAF3}.Debug|Any CPU.Build.0 = Debug|Any CPU
		{81B00F31-1543-4067-B53C-A820474FBAF3}.Release|Any CPU.ActiveCfg = Release|Any CPU
		{81B00F31-1543-4067-B53C-A820474FBAF3}.Release|Any CPU.Build.0 = Release|Any CPU
		{B27877C2-DF34-44EC-959F-33DE92F99665}.Debug|Any CPU.ActiveCfg = Debug|Any CPU
		{B27877C2-DF34-44EC-959F-33DE92F99665}.Debug|Any CPU.Build.0 = Debug|Any CPU
		{B27877C2-DF34-44EC-959F-33DE92F99665}.Release|Any CPU.ActiveCfg = Release|Any CPU
		{B27877C2-DF34-44EC-959F-33DE92F99665}.Release|Any CPU.Build.0 = Release|Any CPU
	EndGlobalSection
	GlobalSection(SolutionProperties) = preSolution
		HideSolutionNode = FALSE
	EndGlobalSection
	GlobalSection(ExtensibilityGlobals) = postSolution
		SolutionGuid = {7F370A23-7B45-426D-B4EE-40A0D38B7E85}
	EndGlobalSection
EndGlobal
